Microsoft Visual Studio Solution File, Format Version 11.00
# Visual Studio 2008

Project("{1D55AE88-6E66-6144-2756-2F2DE07D3D2D}") = "Utsusu", "Assembly-CSharp.csproj", "{5606DFEE-BA81-A70A-23F1-07072FC0F72E}"
EndProject
Global
	GlobalSection(SolutionConfigurationPlatforms) = preSolution
		Debug|Any CPU = Debug|Any CPU
		Release|Any CPU = Release|Any CPU
	EndGlobalSection
	GlobalSection(ProjectConfigurationPlatforms) = postSolution
		{5606DFEE-BA81-A70A-23F1-07072FC0F72E}.Debug|Any CPU.ActiveCfg = Debug|Any CPU
		{5606DFEE-BA81-A70A-23F1-07072FC0F72E}.Debug|Any CPU.Build.0 = Debug|Any CPU
		{5606DFEE-BA81-A70A-23F1-07072FC0F72E}.Release|Any CPU.ActiveCfg = Release|Any CPU
		{5606DFEE-BA81-A70A-23F1-07072FC0F72E}.Release|Any CPU.Build.0 = Release|Any CPU
	EndGlobalSection
	GlobalSection(SolutionProperties) = preSolution
		HideSolutionNode = FALSE
	EndGlobalSection
	GlobalSection(MonoDevelopProperties) = preSolution
		StartupItem = Assembly-CSharp.csproj
	EndGlobalSection
EndGlobal
